
Microsoft Visual Studio Solution File, Format Version 12.00
# Visual Studio Version 16
VisualStudioVersion = 16.0.29503.13
MinimumVisualStudioVersion = 10.0.40219.1
Project("{FAE04EC0-301F-11D3-BF4B-00C04F79EFBC}") = "MLSApplication", "MLSApplication\MLSApplication.csproj", "{E4655510-F651-4650-8A5F-FB4C1B6A0F80}"
EndProject
Project("{FAE04EC0-301F-11D3-BF4B-00C04F79EFBC}") = "CustomGenerics", "CustomGenerics\CustomGenerics.csproj", "{F4B982C9-C1F8-403A-BC31-43BFDA3497DC}"
EndProject
Global
	GlobalSection(SolutionConfigurationPlatforms) = preSolution
		Debug|Any CPU = Debug|Any CPU
		Release|Any CPU = Release|Any CPU
	EndGlobalSection
	GlobalSection(ProjectConfigurationPlatforms) = postSolution
		{E4655510-F651-4650-8A5F-FB4C1B6A0F80}.Debug|Any CPU.ActiveCfg = Debug|Any CPU
		{E4655510-F651-4650-8A5F-FB4C1B6A0F80}.Debug|Any CPU.Build.0 = Debug|Any CPU
		{E4655510-F651-4650-8A5F-FB4C1B6A0F80}.Release|Any CPU.ActiveCfg = Release|Any CPU
		{E4655510-F651-4650-8A5F-FB4C1B6A0F80}.Release|Any CPU.Build.0 = Release|Any CPU
		{F4B982C9-C1F8-403A-BC31-43BFDA3497DC}.Debug|Any CPU.ActiveCfg = Debug|Any CPU
		{F4B982C9-C1F8-403A-BC31-43BFDA3497DC}.Debug|Any CPU.Build.0 = Debug|Any CPU
		{F4B982C9-C1F8-403A-BC31-43BFDA3497DC}.Release|Any CPU.ActiveCfg = Release|Any CPU
		{F4B982C9-C1F8-403A-BC31-43BFDA3497DC}.Release|Any CPU.Build.0 = Release|Any CPU
	EndGlobalSection
	GlobalSection(SolutionProperties) = preSolution
		HideSolutionNode = FALSE
	EndGlobalSection
	GlobalSection(ExtensibilityGlobals) = postSolution
		SolutionGuid = {3C685756-798C-4B6E-A718-3EFC4CDD12B8}
	EndGlobalSection
EndGlobal
